<Solution>
  <Configurations>
    <Platform Name="Any CPU" />
    <Platform Name="ARM64" />
    <Platform Name="x64" />
    <Platform Name="x86" />
  </Configurations>
  <Project Path="../CreaditTaskApp/CreditTaskApp.csproj" />
  <Project Path="../CreditTaskSetup/CreditTaskSetup.wixproj" Type="b7dd6f7e-def8-4e67-b5b7-07ef123db6f0">
    <Platform Solution="*|Any CPU" Project="x64" />
  </Project>
  <Project Path="../DistinctionAppSetup/DistinctionAppSetup.wixproj" Type="b7dd6f7e-def8-4e67-b5b7-07ef123db6f0" Id="855668b9-79fc-4730-9268-e4eef000665e">
    <Platform Solution="*|Any CPU" Project="x64" />
  </Project>
  <Project Path="../DistinctionTaskApp/DistinctionTaskApp.csproj" Id="13bd391f-7db1-445f-836c-431371b49b9f" />
  <Project Path="../SkatingScoreLibrary/SkatingScoreLibrary.csproj" Id="059433cc-15df-4d11-a2dc-4ac42c322579" />
  <Project Path="../SkatingValidationLibrary/SkatingValidationLibrary.csproj" Id="d3e073ea-32b3-49e0-a58e-92cf1614d902" />
  <Project Path="SampleApp/SampleApp.csproj" />
  <Project Path="SampleAppSetup/SampleAppSetup.wixproj" Type="b7dd6f7e-def8-4e67-b5b7-07ef123db6f0">
    <Platform Solution="*|Any CPU" Project="x64" />
  </Project>
</Solution>
